
Microsoft Visual Studio Solution File, Format Version 12.00
# Visual Studio Version 17
VisualStudioVersion = 17.4.33103.184
MinimumVisualStudioVersion = 10.0.40219.1
Project("{2150E333-8FDC-42A3-9474-1A3956D46DE8}") = "Solution Items", "Solution Items", "{EFBF451C-8082-4B1B-BE52-ED4128DFF48D}"
	ProjectSection(SolutionItems) = preProject
		.gitignore = .gitignore
		Directory.Build.props = Directory.Build.props
		Readme.md = Readme.md
	EndProjectSection
EndProject
Project("{FAE04EC0-301F-11D3-BF4B-00C04F79EFBC}") = "VladGitTest", "VladGitTest\VladGitTest.csproj", "{EF7738E4-ADF8-4BCF-9A75-4980A96FE94D}"
EndProject
Global
	GlobalSection(SolutionConfigurationPlatforms) = preSolution
		Debug|Any CPU = Debug|Any CPU
		Release|Any CPU = Release|Any CPU
	EndGlobalSection
	GlobalSection(ProjectConfigurationPlatforms) = postSolution
		{EF7738E4-ADF8-4BCF-9A75-4980A96FE94D}.Debug|Any CPU.ActiveCfg = Debug|Any CPU
		{EF7738E4-ADF8-4BCF-9A75-4980A96FE94D}.Debug|Any CPU.Build.0 = Debug|Any CPU
		{EF7738E4-ADF8-4BCF-9A75-4980A96FE94D}.Release|Any CPU.ActiveCfg = Release|Any CPU
		{EF7738E4-ADF8-4BCF-9A75-4980A96FE94D}.Release|Any CPU.Build.0 = Release|Any CPU
	EndGlobalSection
	GlobalSection(SolutionProperties) = preSolution
		HideSolutionNode = FALSE
	EndGlobalSection
	GlobalSection(ExtensibilityGlobals) = postSolution
		SolutionGuid = {70E5B020-6B46-4D2C-826B-B444D14FA810}
	EndGlobalSection
EndGlobal
